
Microsoft Visual Studio Solution File, Format Version 12.00
# Visual Studio 15
VisualStudioVersion = 15.0.27130.2036
MinimumVisualStudioVersion = 10.0.40219.1
Project("{FAE04EC0-301F-11D3-BF4B-00C04F79EFBC}") = "Test 2", "Test 2\Test 2.csproj", "{6CC8DAC5-359B-439A-B6C5-9CDA8549A24A}"
EndProject
Global
	GlobalSection(SolutionConfigurationPlatforms) = preSolution
		Debug|Any CPU = Debug|Any CPU
		Release|Any CPU = Release|Any CPU
	EndGlobalSection
	GlobalSection(ProjectConfigurationPlatforms) = postSolution
		{6CC8DAC5-359B-439A-B6C5-9CDA8549A24A}.Debug|Any CPU.ActiveCfg = Debug|Any CPU
		{6CC8DAC5-359B-439A-B6C5-9CDA8549A24A}.Debug|Any CPU.Build.0 = Debug|Any CPU
		{6CC8DAC5-359B-439A-B6C5-9CDA8549A24A}.Release|Any CPU.ActiveCfg = Release|Any CPU
		{6CC8DAC5-359B-439A-B6C5-9CDA8549A24A}.Release|Any CPU.Build.0 = Release|Any CPU
	EndGlobalSection
	GlobalSection(SolutionProperties) = preSolution
		HideSolutionNode = FALSE
	EndGlobalSection
	GlobalSection(ExtensibilityGlobals) = postSolution
		SolutionGuid = {885392C9-6F7A-4F66-B25A-EB6F88BD8BF5}
	EndGlobalSection
EndGlobal
